// !$*UTF8*$!
{
	archiveVersion = 1;
	classes = {
	};
	objectVersion = 46;
	objects = {

/* Begin PBXBuildFile section */
		C3DBF218151BDB4B00D000A1 /* UIKit.framework in Frameworks */ = {isa = PBXBuildFile; fileRef = C3DBF217151BDB4B00D000A1 /* UIKit.framework */; };
		C3DBF21A151BDB4B00D000A1 /* Foundation.framework in Frameworks */ = {isa = PBXBuildFile; fileRef = C3DBF219151BDB4B00D000A1 /* Foundation.framework */; };
		C3DBF21C151BDB4B00D000A1 /* CoreGraphics.framework in Frameworks */ = {isa = PBXBuildFile; fileRef = C3DBF21B151BDB4B00D000A1 /* CoreGraphics.framework */; };
		C3DBF222151BDB4B00D000A1 /* InfoPlist.strings in Resources */ = {isa = PBXBuildFile; fileRef = C3DBF220151BDB4B00D000A1 /* InfoPlist.strings */; };
		C3DBF224151BDB4B00D000A1 /* main.m in Sources */ = {isa = PBXBuildFile; fileRef = C3DBF223151BDB4B00D000A1 /* main.m */; };
		C3DBF228151BDB4B00D000A1 /* TVAppDelegate.m in Sources */ = {isa = PBXBuildFile; fileRef = C3DBF227151BDB4B00D000A1 /* TVAppDelegate.m */; };
		C3DBF22B151BDB4B00D000A1 /* TVMasterViewController.m in Sources */ = {isa = PBXBuildFile; fileRef = C3DBF22A151BDB4B00D000A1 /* TVMasterViewController.m */; };
		C3DBF22E151BDB4B00D000A1 /* TVDetailViewController.m in Sources */ = {isa = PBXBuildFile; fileRef = C3DBF22D151BDB4B00D000A1 /* TVDetailViewController.m */; };
		C3DBF231151BDB4B00D000A1 /* TVMasterViewController.xib in Resources */ = {isa = PBXBuildFile; fileRef = C3DBF22F151BDB4B00D000A1 /* TVMasterViewController.xib */; };
		C3DBF234151BDB4B00D000A1 /* TVDetailViewController.xib in Resources */ = {isa = PBXBuildFile; fileRef = C3DBF232151BDB4B00D000A1 /* TVDetailViewController.xib */; };
/* End PBXBuildFile section */

/* Begin PBXFileReference section */
		C3DBF213151BDB4B00D000A1 /* TVShows.app */ = {isa = PBXFileReference; explicitFileType = wrapper.application; includeInIndex = 0; path = TVShows.app; sourceTree = BUILT_PRODUCTS_DIR; };
		C3DBF217151BDB4B00D000A1 /* UIKit.framework */ = {isa = PBXFileReference; lastKnownFileType = wrapper.framework; name = UIKit.framework; path = System/Library/Frameworks/UIKit.framework; sourceTree = SDKROOT; };
		C3DBF219151BDB4B00D000A1 /* Foundation.framework */ = {isa = PBXFileReference; lastKnownFileType = wrapper.framework; name = Foundation.framework; path = System/Library/Frameworks/Foundation.framework; sourceTree = SDKROOT; };
		C3DBF21B151BDB4B00D000A1 /* CoreGraphics.framework */ = {isa = PBXFileReference; lastKnownFileType = wrapper.framework; name = CoreGraphics.framework; path = System/Library/Frameworks/CoreGraphics.framework; sourceTree = SDKROOT; };
		C3DBF21F151BDB4B00D000A1 /* TVShows-Info.plist */ = {isa = PBXFileReference; path = "TVShows-Info.plist"; sourceTree = "<group>"; };
		C3DBF221151BDB4B00D000A1 /* en */ = {isa = PBXFileReference; lastKnownFileType = text.plist.strings; name = en; path = en.lproj/InfoPlist.strings; sourceTree = "<group>"; };
		C3DBF223151BDB4B00D000A1 /* main.m */ = {isa = PBXFileReference; lastKnownFileType = sourcecode.c.objc; path = main.m; sourceTree = "<group>"; };
		C3DBF225151BDB4B00D000A1 /* TVShows-Prefix.pch */ = {isa = PBXFileReference; path = "TVShows-Prefix.pch"; sourceTree = "<group>"; };
		C3DBF226151BDB4B00D000A1 /* TVAppDelegate.h */ = {isa = PBXFileReference; path = TVAppDelegate.h; sourceTree = "<group>"; };
		C3DBF227151BDB4B00D000A1 /* TVAppDelegate.m */ = {isa = PBXFileReference; lastKnownFileType = sourcecode.c.objc; path = TVAppDelegate.m; sourceTree = "<group>"; };
		C3DBF229151BDB4B00D000A1 /* TVMasterViewController.h */ = {isa = PBXFileReference; path = TVMasterViewController.h; sourceTree = "<group>"; };
		C3DBF22A151BDB4B00D000A1 /* TVMasterViewController.m */ = {isa = PBXFileReference; lastKnownFileType = sourcecode.c.objc; path = TVMasterViewController.m; sourceTree = "<group>"; };
		C3DBF22C151BDB4B00D000A1 /* TVDetailViewController.h */ = {isa = PBXFileReference; path = TVDetailViewController.h; sourceTree = "<group>"; };
		C3DBF22D151BDB4B00D000A1 /* TVDetailViewController.m */ = {isa = PBXFileReference; lastKnownFileType = sourcecode.c.objc; path = TVDetailViewController.m; sourceTree = "<group>"; };
		C3DBF230151BDB4B00D000A1 /* en */ = {isa = PBXFileReference; lastKnownFileType = file.xib; name = en; path = en.lproj/TVMasterViewController.xib; sourceTree = "<group>"; };
		C3DBF233151BDB4B00D000A1 /* en */ = {isa = PBXFileReference; lastKnownFileType = file.xib; name = en; path = en.lproj/TVDetailViewController.xib; sourceTree = "<group>"; };
/* End PBXFileReference section */

/* Begin PBXFrameworksBuildPhase section */
		C3DBF210151BDB4B00D000A1 /* Frameworks */ = {
			isa = PBXFrameworksBuildPhase;
			buildActionMask = 2147483647;
			files = (
				C3DBF218151BDB4B00D000A1 /* UIKit.framework in Frameworks */,
				C3DBF21A151BDB4B00D000A1 /* Foundation.framework in Frameworks */,
				C3DBF21C151BDB4B00D000A1 /* CoreGraphics.framework in Frameworks */,
			);
			runOnlyForDeploymentPostprocessing = 0;
		};
/* End PBXFrameworksBuildPhase section */

/* Begin PBXGroup section */
		C3DBF208151BDB4B00D000A1 = {
			isa = PBXGroup;
			children = (
				C3DBF21D151BDB4B00D000A1 /* TVShows */,
				C3DBF216151BDB4B00D000A1 /* Frameworks */,
				C3DBF214151BDB4B00D000A1 /* Products */,
			);
			sourceTree = "<group>";
		};
		C3DBF214151BDB4B00D000A1 /* Products */ = {
			isa = PBXGroup;
			children = (
				C3DBF213151BDB4B00D000A1 /* TVShows.app */,
			);
			name = Products;
			sourceTree = "<group>";
		};
		C3DBF216151BDB4B00D000A1 /* Frameworks */ = {
			isa = PBXGroup;
			children = (
				C3DBF217151BDB4B00D000A1 /* UIKit.framework */,
				C3DBF219151BDB4B00D000A1 /* Foundation.framework */,
				C3DBF21B151BDB4B00D000A1 /* CoreGraphics.framework */,
			);
			name = Frameworks;
			sourceTree = "<group>";
		};
		C3DBF21D151BDB4B00D000A1 /* TVShows */ = {
			isa = PBXGroup;
			children = (
				C3DBF226151BDB4B00D000A1 /* TVAppDelegate.h */,
				C3DBF227151BDB4B00D000A1 /* TVAppDelegate.m */,
				C3DBF229151BDB4B00D000A1 /* TVMasterViewController.h */,
				C3DBF22A151BDB4B00D000A1 /* TVMasterViewController.m */,
				C3DBF22C151BDB4B00D000A1 /* TVDetailViewController.h */,
				C3DBF22D151BDB4B00D000A1 /* TVDetailViewController.m */,
				C3DBF22F151BDB4B00D000A1 /* TVMasterViewController.xib */,
				C3DBF232151BDB4B00D000A1 /* TVDetailViewController.xib */,
				C3DBF21E151BDB4B00D000A1 /* Supporting Files */,
			);
			path = TVShows;
			sourceTree = "<group>";
		};
		C3DBF21E151BDB4B00D000A1 /* Supporting Files */ = {
			isa = PBXGroup;
			children = (
				C3DBF21F151BDB4B00D000A1 /* TVShows-Info.plist */,
				C3DBF220151BDB4B00D000A1 /* InfoPlist.strings */,
				C3DBF223151BDB4B00D000A1 /* main.m */,
				C3DBF225151BDB4B00D000A1 /* TVShows-Prefix.pch */,
			);
			name = "Supporting Files";
			sourceTree = "<group>";
		};
/* End PBXGroup section */

/* Begin PBXNativeTarget section */
		C3DBF212151BDB4B00D000A1 /* TVShows */ = {
			isa = PBXNativeTarget;
			buildConfigurationList = C3DBF237151BDB4B00D000A1 /* Build configuration list for PBXNativeTarget "TVShows" */;
			buildPhases = (
				C3DBF20F151BDB4B00D000A1 /* Sources */,
				C3DBF210151BDB4B00D000A1 /* Frameworks */,
				C3DBF211151BDB4B00D000A1 /* Resources */,
			);
			buildRules = (
			);
			dependencies = (
			);
			name = TVShows;
			productName = TVShows;
			productReference = C3DBF213151BDB4B00D000A1 /* TVShows.app */;
			productType = "com.apple.product-type.application";
		};
/* End PBXNativeTarget section */

/* Begin PBXProject section */
		C3DBF20A151BDB4B00D000A1 /* Project object */ = {
			isa = PBXProject;
			attributes = {
				CLASSPREFIX = TV;
				LastUpgradeCheck = 0430;
			};
			buildConfigurationList = C3DBF20D151BDB4B00D000A1 /* Build configuration list for PBXProject "TVShows" */;
			compatibilityVersion = "Xcode 3.2";
			developmentRegion = English;
			hasScannedForEncodings = 0;
			knownRegions = (
				en,
			);
			mainGroup = C3DBF208151BDB4B00D000A1;
			productRefGroup = C3DBF214151BDB4B00D000A1 /* Products */;
			projectDirPath = "";
			projectRoot = "";
			targets = (
				C3DBF212151BDB4B00D000A1 /* TVShows */,
			);
		};
/* End PBXProject section */

/* Begin PBXResourcesBuildPhase section */
		C3DBF211151BDB4B00D000A1 /* Resources */ = {
			isa = PBXResourcesBuildPhase;
			buildActionMask = 2147483647;
			files = (
				C3DBF222151BDB4B00D000A1 /* InfoPlist.strings in Resources */,
				C3DBF231151BDB4B00D000A1 /* TVMasterViewController.xib in Resources */,
				C3DBF234151BDB4B00D000A1 /* TVDetailViewController.xib in Resources */,
			);
			runOnlyForDeploymentPostprocessing = 0;
		};
/* End PBXResourcesBuildPhase section */

/* Begin PBXSourcesBuildPhase section */
		C3DBF20F151BDB4B00D000A1 /* Sources */ = {
			isa = PBXSourcesBuildPhase;
			buildActionMask = 2147483647;
			files = (
				C3DBF224151BDB4B00D000A1 /* main.m in Sources */,
				C3DBF228151BDB4B00D000A1 /* TVAppDelegate.m in Sources */,
				C3DBF22B151BDB4B00D000A1 /* TVMasterViewController.m in Sources */,
				C3DBF22E151BDB4B00D000A1 /* TVDetailViewController.m in Sources */,
			);
			runOnlyForDeploymentPostprocessing = 0;
		};
/* End PBXSourcesBuildPhase section */

/* Begin PBXVariantGroup section */
		C3DBF220151BDB4B00D000A1 /* InfoPlist.strings */ = {
			isa = PBXVariantGroup;
			children = (
				C3DBF221151BDB4B00D000A1 /* en */,
			);
			name = InfoPlist.strings;
			sourceTree = "<group>";
		};
		C3DBF22F151BDB4B00D000A1 /* TVMasterViewController.xib */ = {
			isa = PBXVariantGroup;
			children = (
				C3DBF230151BDB4B00D000A1 /* en */,
			);
			name = TVMasterViewController.xib;
			sourceTree = "<group>";
		};
		C3DBF232151BDB4B00D000A1 /* TVDetailViewController.xib */ = {
			isa = PBXVariantGroup;
			children = (
				C3DBF233151BDB4B00D000A1 /* en */,
			);
			name = TVDetailViewController.xib;
			sourceTree = "<group>";
		};
/* End PBXVariantGroup section */

/* Begin XCBuildConfiguration section */
		C3DBF235151BDB4B00D000A1 /* Debug */ = {
			isa = XCBuildConfiguration;
			buildSettings = {
				ALWAYS_SEARCH_USER_PATHS = NO;
				ARCHS = "$(ARCHS_STANDARD_32_BIT)";
				CLANG_ENABLE_OBJC_ARC = YES;
				"CODE_SIGN_IDENTITY[sdk=iphoneos*]" = "iPhone Developer";
				COPY_PHASE_STRIP = NO;
				GCC_C_LANGUAGE_STANDARD = gnu99;
				GCC_DYNAMIC_NO_PIC = NO;
				GCC_OPTIMIZATION_LEVEL = 0;
				GCC_PREPROCESSOR_DEFINITIONS = (
					"DEBUG=1",
					"$(inherited)",
				);
				GCC_SYMBOLS_PRIVATE_EXTERN = NO;
				GCC_VERSION = com.apple.compilers.llvm.clang.1_0;
				GCC_WARN_ABOUT_RETURN_TYPE = YES;
				GCC_WARN_UNINITIALIZED_AUTOS = YES;
				GCC_WARN_UNUSED_VARIABLE = YES;
				IPHONEOS_DEPLOYMENT_TARGET = 5.1;
				SDKROOT = iphoneos;
			};
			name = Debug;
		};
		C3DBF236151BDB4B00D000A1 /* Release */ = {
			isa = XCBuildConfiguration;
			buildSettings = {
				ALWAYS_SEARCH_USER_PATHS = NO;
				ARCHS = "$(ARCHS_STANDARD_32_BIT)";
				CLANG_ENABLE_OBJC_ARC = YES;
				"CODE_SIGN_IDENTITY[sdk=iphoneos*]" = "iPhone Developer";
				COPY_PHASE_STRIP = YES;
				GCC_C_LANGUAGE_STANDARD = gnu99;
				GCC_VERSION = com.apple.compilers.llvm.clang.1_0;
				GCC_WARN_ABOUT_RETURN_TYPE = YES;
				GCC_WARN_UNINITIALIZED_AUTOS = YES;
				GCC_WARN_UNUSED_VARIABLE = YES;
				IPHONEOS_DEPLOYMENT_TARGET = 5.1;
				OTHER_CFLAGS = "-DNS_BLOCK_ASSERTIONS=1";
				SDKROOT = iphoneos;
				VALIDATE_PRODUCT = YES;
			};
			name = Release;
		};
		C3DBF238151BDB4B00D000A1 /* Debug */ = {
			isa = XCBuildConfiguration;
			buildSettings = {
				GCC_PRECOMPILE_PREFIX_HEADER = YES;
				GCC_PREFIX_HEADER = "TVShows/TVShows-Prefix.pch";
				INFOPLIST_FILE = "TVShows/TVShows-Info.plist";
				PRODUCT_NAME = "$(TARGET_NAME)";
				WRAPPER_EXTENSION = app;
			};
			name = Debug;
		};
		C3DBF239151BDB4B00D000A1 /* Release */ = {
			isa = XCBuildConfiguration;
			buildSettings = {
				GCC_PRECOMPILE_PREFIX_HEADER = YES;
				GCC_PREFIX_HEADER = "TVShows/TVShows-Prefix.pch";
				INFOPLIST_FILE = "TVShows/TVShows-Info.plist";
				PRODUCT_NAME = "$(TARGET_NAME)";
				WRAPPER_EXTENSION = app;
			};
			name = Release;
		};
/* End XCBuildConfiguration section */

/* Begin XCConfigurationList section */
		C3DBF20D151BDB4B00D000A1 /* Build configuration list for PBXProject "TVShows" */ = {
			isa = XCConfigurationList;
			buildConfigurations = (
				C3DBF235151BDB4B00D000A1 /* Debug */,
				C3DBF236151BDB4B00D000A1 /* Release */,
			);
			defaultConfigurationIsVisible = 0;
			defaultConfigurationName = Release;
		};
		C3DBF237151BDB4B00D000A1 /* Build configuration list for PBXNativeTarget "TVShows" */ = {
			isa = XCConfigurationList;
			buildConfigurations = (
				C3DBF238151BDB4B00D000A1 /* Debug */,
				C3DBF239151BDB4B00D000A1 /* Release */,
			);
			defaultConfigurationIsVisible = 0;
		};
/* End XCConfigurationList section */
	};
	rootObject = C3DBF20A151BDB4B00D000A1 /* Project object */;
}
